
Microsoft Visual Studio Solution File, Format Version 12.00
# Visual Studio Version 16
VisualStudioVersion = 16.0.30320.27
MinimumVisualStudioVersion = 10.0.40219.1
Project("{FAE04EC0-301F-11D3-BF4B-00C04F79EFBC}") = "PruebaRepositorio.Android", "PruebaRepositorio\PruebaRepositorio.Android\PruebaRepositorio.Android.csproj", "{2DCE91DB-91AA-4EC3-8336-D18B4C9E0F7F}"
EndProject
Project("{FAE04EC0-301F-11D3-BF4B-00C04F79EFBC}") = "PruebaRepositorio.iOS", "PruebaRepositorio\PruebaRepositorio.iOS\PruebaRepositorio.iOS.csproj", "{17062121-409D-4E08-9E18-DFAEFD82B7BF}"
EndProject
Project("{FAE04EC0-301F-11D3-BF4B-00C04F79EFBC}") = "PruebaRepositorio", "PruebaRepositorio\PruebaRepositorio\PruebaRepositorio.csproj", "{0CE61FEF-75ED-4246-8918-BBBD16D90DE4}"
EndProject
Global
	GlobalSection(SolutionConfigurationPlatforms) = preSolution
		Debug|Any CPU = Debug|Any CPU
		Debug|iPhone = Debug|iPhone
		Debug|iPhoneSimulator = Debug|iPhoneSimulator
		Release|Any CPU = Release|Any CPU
		Release|iPhone = Release|iPhone
		Release|iPhoneSimulator = Release|iPhoneSimulator
	EndGlobalSection
	GlobalSection(ProjectConfigurationPlatforms) = postSolution
		{2DCE91DB-91AA-4EC3-8336-D18B4C9E0F7F}.Debug|Any CPU.ActiveCfg = Debug|Any CPU
		{2DCE91DB-91AA-4EC3-8336-D18B4C9E0F7F}.Debug|Any CPU.Build.0 = Debug|Any CPU
		{2DCE91DB-91AA-4EC3-8336-D18B4C9E0F7F}.Debug|Any CPU.Deploy.0 = Debug|Any CPU
		{2DCE91DB-91AA-4EC3-8336-D18B4C9E0F7F}.Debug|iPhone.ActiveCfg = Debug|Any CPU
		{2DCE91DB-91AA-4EC3-8336-D18B4C9E0F7F}.Debug|iPhone.Build.0 = Debug|Any CPU
		{2DCE91DB-91AA-4EC3-8336-D18B4C9E0F7F}.Debug|iPhone.Deploy.0 = Debug|Any CPU
		{2DCE91DB-91AA-4EC3-8336-D18B4C9E0F7F}.Debug|iPhoneSimulator.ActiveCfg = Debug|Any CPU
		{2DCE91DB-91AA-4EC3-8336-D18B4C9E0F7F}.Debug|iPhoneSimulator.Build.0 = Debug|Any CPU
		{2DCE91DB-91AA-4EC3-8336-D18B4C9E0F7F}.Debug|iPhoneSimulator.Deploy.0 = Debug|Any CPU
		{2DCE91DB-91AA-4EC3-8336-D18B4C9E0F7F}.Release|Any CPU.ActiveCfg = Release|Any CPU
		{2DCE91DB-91AA-4EC3-8336-D18B4C9E0F7F}.Release|Any CPU.Build.0 = Release|Any CPU
		{2DCE91DB-91AA-4EC3-8336-D18B4C9E0F7F}.Release|Any CPU.Deploy.0 = Release|Any CPU
		{2DCE91DB-91AA-4EC3-8336-D18B4C9E0F7F}.Release|iPhone.ActiveCfg = Release|Any CPU
		{2DCE91DB-91AA-4EC3-8336-D18B4C9E0F7F}.Release|iPhone.Build.0 = Release|Any CPU
		{2DCE91DB-91AA-4EC3-8336-D18B4C9E0F7F}.Release|iPhone.Deploy.0 = Release|Any CPU
		{2DCE91DB-91AA-4EC3-8336-D18B4C9E0F7F}.Release|iPhoneSimulator.ActiveCfg = Release|Any CPU
		{2DCE91DB-91AA-4EC3-8336-D18B4C9E0F7F}.Release|iPhoneSimulator.Build.0 = Release|Any CPU
		{2DCE91DB-91AA-4EC3-8336-D18B4C9E0F7F}.Release|iPhoneSimulator.Deploy.0 = Release|Any CPU
		{17062121-409D-4E08-9E18-DFAEFD82B7BF}.Debug|Any CPU.ActiveCfg = Debug|iPhone
		{17062121-409D-4E08-9E18-DFAEFD82B7BF}.Debug|Any CPU.Build.0 = Debug|iPhone
		{17062121-409D-4E08-9E18-DFAEFD82B7BF}.Debug|Any CPU.Deploy.0 = Debug|iPhone
		{17062121-409D-4E08-9E18-DFAEFD82B7BF}.Debug|iPhone.ActiveCfg = Debug|iPhone
		{17062121-409D-4E08-9E18-DFAEFD82B7BF}.Debug|iPhone.Build.0 = Debug|iPhone
		{17062121-409D-4E08-9E18-DFAEFD82B7BF}.Debug|iPhone.Deploy.0 = Debug|iPhone
		{17062121-409D-4E08-9E18-DFAEFD82B7BF}.Debug|iPhoneSimulator.ActiveCfg = Debug|iPhoneSimulator
		{17062121-409D-4E08-9E18-DFAEFD82B7BF}.Debug|iPhoneSimulator.Build.0 = Debug|iPhoneSimulator
		{17062121-409D-4E08-9E18-DFAEFD82B7BF}.Debug|iPhoneSimulator.Deploy.0 = Debug|iPhoneSimulator
		{17062121-409D-4E08-9E18-DFAEFD82B7BF}.Release|Any CPU.ActiveCfg = Release|iPhone
		{17062121-409D-4E08-9E18-DFAEFD82B7BF}.Release|Any CPU.Build.0 = Release|iPhone
		{17062121-409D-4E08-9E18-DFAEFD82B7BF}.Release|Any CPU.Deploy.0 = Release|iPhone
		{17062121-409D-4E08-9E18-DFAEFD82B7BF}.Release|iPhone.ActiveCfg = Release|iPhone
		{17062121-409D-4E08-9E18-DFAEFD82B7BF}.Release|iPhone.Build.0 = Release|iPhone
		{17062121-409D-4E08-9E18-DFAEFD82B7BF}.Release|iPhone.Deploy.0 = Release|iPhone
		{17062121-409D-4E08-9E18-DFAEFD82B7BF}.Release|iPhoneSimulator.ActiveCfg = Release|iPhoneSimulator
		{17062121-409D-4E08-9E18-DFAEFD82B7BF}.Release|iPhoneSimulator.Build.0 = Release|iPhoneSimulator
		{17062121-409D-4E08-9E18-DFAEFD82B7BF}.Release|iPhoneSimulator.Deploy.0 = Release|iPhoneSimulator
		{0CE61FEF-75ED-4246-8918-BBBD16D90DE4}.Debug|Any CPU.ActiveCfg = Debug|Any CPU
		{0CE61FEF-75ED-4246-8918-BBBD16D90DE4}.Debug|Any CPU.Build.0 = Debug|Any CPU
		{0CE61FEF-75ED-4246-8918-BBBD16D90DE4}.Debug|Any CPU.Deploy.0 = Debug|Any CPU
		{0CE61FEF-75ED-4246-8918-BBBD16D90DE4}.Debug|iPhone.ActiveCfg = Debug|Any CPU
		{0CE61FEF-75ED-4246-8918-BBBD16D90DE4}.Debug|iPhone.Build.0 = Debug|Any CPU
		{0CE61FEF-75ED-4246-8918-BBBD16D90DE4}.Debug|iPhone.Deploy.0 = Debug|Any CPU
		{0CE61FEF-75ED-4246-8918-BBBD16D90DE4}.Debug|iPhoneSimulator.ActiveCfg = Debug|Any CPU
		{0CE61FEF-75ED-4246-8918-BBBD16D90DE4}.Debug|iPhoneSimulator.Build.0 = Debug|Any CPU
		{0CE61FEF-75ED-4246-8918-BBBD16D90DE4}.Debug|iPhoneSimulator.Deploy.0 = Debug|Any CPU
		{0CE61FEF-75ED-4246-8918-BBBD16D90DE4}.Release|Any CPU.ActiveCfg = Release|Any CPU
		{0CE61FEF-75ED-4246-8918-BBBD16D90DE4}.Release|Any CPU.Build.0 = Release|Any CPU
		{0CE61FEF-75ED-4246-8918-BBBD16D90DE4}.Release|Any CPU.Deploy.0 = Release|Any CPU
		{0CE61FEF-75ED-4246-8918-BBBD16D90DE4}.Release|iPhone.ActiveCfg = Release|Any CPU
		{0CE61FEF-75ED-4246-8918-BBBD16D90DE4}.Release|iPhone.Build.0 = Release|Any CPU
		{0CE61FEF-75ED-4246-8918-BBBD16D90DE4}.Release|iPhone.Deploy.0 = Release|Any CPU
		{0CE61FEF-75ED-4246-8918-BBBD16D90DE4}.Release|iPhoneSimulator.ActiveCfg = Release|Any CPU
		{0CE61FEF-75ED-4246-8918-BBBD16D90DE4}.Release|iPhoneSimulator.Build.0 = Release|Any CPU
		{0CE61FEF-75ED-4246-8918-BBBD16D90DE4}.Release|iPhoneSimulator.Deploy.0 = Release|Any CPU
	EndGlobalSection
	GlobalSection(SolutionProperties) = preSolution
		HideSolutionNode = FALSE
	EndGlobalSection
	GlobalSection(ExtensibilityGlobals) = postSolution
		SolutionGuid = {4A7086F6-DD45-4A6F-8AB1-7EFEBE3F3EC1}
	EndGlobalSection
EndGlobal
